
Microsoft Visual Studio Solution File, Format Version 12.00
# Visual Studio Version 16
VisualStudioVersion = 16.0.32510.428
MinimumVisualStudioVersion = 10.0.40219.1
Project("{FAE04EC0-301F-11D3-BF4B-00C04F79EFBC}") = "teste2", "teste2\teste2.csproj", "{85B00522-14FB-44F1-892C-F36CF1FDA202}"
EndProject
Global
	GlobalSection(SolutionConfigurationPlatforms) = preSolution
		Debug|Any CPU = Debug|Any CPU
		Release|Any CPU = Release|Any CPU
	EndGlobalSection
	GlobalSection(ProjectConfigurationPlatforms) = postSolution
		{85B00522-14FB-44F1-892C-F36CF1FDA202}.Debug|Any CPU.ActiveCfg = Debug|Any CPU
		{85B00522-14FB-44F1-892C-F36CF1FDA202}.Debug|Any CPU.Build.0 = Debug|Any CPU
		{85B00522-14FB-44F1-892C-F36CF1FDA202}.Release|Any CPU.ActiveCfg = Release|Any CPU
		{85B00522-14FB-44F1-892C-F36CF1FDA202}.Release|Any CPU.Build.0 = Release|Any CPU
	EndGlobalSection
	GlobalSection(SolutionProperties) = preSolution
		HideSolutionNode = FALSE
	EndGlobalSection
	GlobalSection(ExtensibilityGlobals) = postSolution
		SolutionGuid = {1283DEDC-ACB1-4692-AEC3-F9953E9E2E44}
	EndGlobalSection
EndGlobal
